
Microsoft Visual Studio Solution File, Format Version 12.00
# Visual Studio 15
VisualStudioVersion = 15.0.26124.0
MinimumVisualStudioVersion = 15.0.26124.0
Project("{FAE04EC0-301F-11D3-BF4B-00C04F79EFBC}") = "PizzaBox.Client", "PizzaBox.Client\PizzaBox.Client.csproj", "{5C97E187-2AB8-44D4-806B-ED8E890CB281}"
EndProject
Project("{FAE04EC0-301F-11D3-BF4B-00C04F79EFBC}") = "PizzaBox.Domain", "PizzaBox.Domain\PizzaBox.Domain.csproj", "{CFFE9D0A-07AC-47E3-B5AB-2096BBF4082A}"
EndProject
Project("{FAE04EC0-301F-11D3-BF4B-00C04F79EFBC}") = "PizzaBox.Testing", "PizzaBox.Testing\PizzaBox.Testing.csproj", "{4B098D16-18F2-4A55-B296-F5CFA1CDF774}"
EndProject
Global
	GlobalSection(SolutionConfigurationPlatforms) = preSolution
		Debug|Any CPU = Debug|Any CPU
		Debug|x64 = Debug|x64
		Debug|x86 = Debug|x86
		Release|Any CPU = Release|Any CPU
		Release|x64 = Release|x64
		Release|x86 = Release|x86
	EndGlobalSection
	GlobalSection(SolutionProperties) = preSolution
		HideSolutionNode = FALSE
	EndGlobalSection
	GlobalSection(ProjectConfigurationPlatforms) = postSolution
		{5C97E187-2AB8-44D4-806B-ED8E890CB281}.Debug|Any CPU.ActiveCfg = Debug|Any CPU
		{5C97E187-2AB8-44D4-806B-ED8E890CB281}.Debug|Any CPU.Build.0 = Debug|Any CPU
		{5C97E187-2AB8-44D4-806B-ED8E890CB281}.Debug|x64.ActiveCfg = Debug|Any CPU
		{5C97E187-2AB8-44D4-806B-ED8E890CB281}.Debug|x64.Build.0 = Debug|Any CPU
		{5C97E187-2AB8-44D4-806B-ED8E890CB281}.Debug|x86.ActiveCfg = Debug|Any CPU
		{5C97E187-2AB8-44D4-806B-ED8E890CB281}.Debug|x86.Build.0 = Debug|Any CPU
		{5C97E187-2AB8-44D4-806B-ED8E890CB281}.Release|Any CPU.ActiveCfg = Release|Any CPU
		{5C97E187-2AB8-44D4-806B-ED8E890CB281}.Release|Any CPU.Build.0 = Release|Any CPU
		{5C97E187-2AB8-44D4-806B-ED8E890CB281}.Release|x64.ActiveCfg = Release|Any CPU
		{5C97E187-2AB8-44D4-806B-ED8E890CB281}.Release|x64.Build.0 = Release|Any CPU
		{5C97E187-2AB8-44D4-806B-ED8E890CB281}.Release|x86.ActiveCfg = Release|Any CPU
		{5C97E187-2AB8-44D4-806B-ED8E890CB281}.Release|x86.Build.0 = Release|Any CPU
		{CFFE9D0A-07AC-47E3-B5AB-2096BBF4082A}.Debug|Any CPU.ActiveCfg = Debug|Any CPU
		{CFFE9D0A-07AC-47E3-B5AB-2096BBF4082A}.Debug|Any CPU.Build.0 = Debug|Any CPU
		{CFFE9D0A-07AC-47E3-B5AB-2096BBF4082A}.Debug|x64.ActiveCfg = Debug|Any CPU
		{CFFE9D0A-07AC-47E3-B5AB-2096BBF4082A}.Debug|x64.Build.0 = Debug|Any CPU
		{CFFE9D0A-07AC-47E3-B5AB-2096BBF4082A}.Debug|x86.ActiveCfg = Debug|Any CPU
		{CFFE9D0A-07AC-47E3-B5AB-2096BBF4082A}.Debug|x86.Build.0 = Debug|Any CPU
		{CFFE9D0A-07AC-47E3-B5AB-2096BBF4082A}.Release|Any CPU.ActiveCfg = Release|Any CPU
		{CFFE9D0A-07AC-47E3-B5AB-2096BBF4082A}.Release|Any CPU.Build.0 = Release|Any CPU
		{CFFE9D0A-07AC-47E3-B5AB-2096BBF4082A}.Release|x64.ActiveCfg = Release|Any CPU
		{CFFE9D0A-07AC-47E3-B5AB-2096BBF4082A}.Release|x64.Build.0 = Release|Any CPU
		{CFFE9D0A-07AC-47E3-B5AB-2096BBF4082A}.Release|x86.ActiveCfg = Release|Any CPU
		{CFFE9D0A-07AC-47E3-B5AB-2096BBF4082A}.Release|x86.Build.0 = Release|Any CPU
		{4B098D16-18F2-4A55-B296-F5CFA1CDF774}.Debug|Any CPU.ActiveCfg = Debug|Any CPU
		{4B098D16-18F2-4A55-B296-F5CFA1CDF774}.Debug|Any CPU.Build.0 = Debug|Any CPU
		{4B098D16-18F2-4A55-B296-F5CFA1CDF774}.Debug|x64.ActiveCfg = Debug|Any CPU
		{4B098D16-18F2-4A55-B296-F5CFA1CDF774}.Debug|x64.Build.0 = Debug|Any CPU
		{4B098D16-18F2-4A55-B296-F5CFA1CDF774}.Debug|x86.ActiveCfg = Debug|Any CPU
		{4B098D16-18F2-4A55-B296-F5CFA1CDF774}.Debug|x86.Build.0 = Debug|Any CPU
		{4B098D16-18F2-4A55-B296-F5CFA1CDF774}.Release|Any CPU.ActiveCfg = Release|Any CPU
		{4B098D16-18F2-4A55-B296-F5CFA1CDF774}.Release|Any CPU.Build.0 = Release|Any CPU
		{4B098D16-18F2-4A55-B296-F5CFA1CDF774}.Release|x64.ActiveCfg = Release|Any CPU
		{4B098D16-18F2-4A55-B296-F5CFA1CDF774}.Release|x64.Build.0 = Release|Any CPU
		{4B098D16-18F2-4A55-B296-F5CFA1CDF774}.Release|x86.ActiveCfg = Release|Any CPU
		{4B098D16-18F2-4A55-B296-F5CFA1CDF774}.Release|x86.Build.0 = Release|Any CPU
	EndGlobalSection
EndGlobal
